
Microsoft Visual Studio Solution File, Format Version 12.00
# Visual Studio Version 17
VisualStudioVersion = 17.5.002.0
MinimumVisualStudioVersion = 10.0.40219.1
Project("{9A19103F-16F7-4668-BE54-9A1E7A4F7556}") = "ProductApplication", "ProductApplication.csproj", "{38EF1506-1A4E-4234-A928-0F7776A46B8D}"
EndProject
Global
	GlobalSection(SolutionConfigurationPlatforms) = preSolution
		Debug|Any CPU = Debug|Any CPU
		Release|Any CPU = Release|Any CPU
	EndGlobalSection
	GlobalSection(ProjectConfigurationPlatforms) = postSolution
		{38EF1506-1A4E-4234-A928-0F7776A46B8D}.Debug|Any CPU.ActiveCfg = Debug|Any CPU
		{38EF1506-1A4E-4234-A928-0F7776A46B8D}.Debug|Any CPU.Build.0 = Debug|Any CPU
		{38EF1506-1A4E-4234-A928-0F7776A46B8D}.Release|Any CPU.ActiveCfg = Release|Any CPU
		{38EF1506-1A4E-4234-A928-0F7776A46B8D}.Release|Any CPU.Build.0 = Release|Any CPU
	EndGlobalSection
	GlobalSection(SolutionProperties) = preSolution
		HideSolutionNode = FALSE
	EndGlobalSection
	GlobalSection(ExtensibilityGlobals) = postSolution
		SolutionGuid = {3C7BB943-663C-4C22-B262-6FF164EF243B}
	EndGlobalSection
EndGlobal
